{
    "version": 3,
    "terraform_version": "0.9.4",
    "serial": 0,
    "lineage": "6496fc8c-00b4-465b-91ab-a33697017897",
    "modules": [
        {
            "path": [
                "root"
            ],
            "outputs": {},
            "resources": {
                "aws_instance.main": {
                    "type": "aws_instance",
                    "depends_on": [],
                    "primary": {
                        "id": "i-0db67c185a74b62be",
                        "attributes": {
                            "ami": "ami-cdbdd7a2",
                            "associate_public_ip_address": "true",
                            "availability_zone": "ap-south-1b",
                            "disable_api_termination": "false",
                            "ebs_block_device.#": "0",
                            "ebs_optimized": "false",
                            "ephemeral_block_device.#": "0",
                            "iam_instance_profile": "",
                            "id": "i-0db67c185a74b62be",
                            "instance_state": "running",
                            "instance_type": "t2.micro",
                            "ipv6_address_count": "0",
                            "ipv6_addresses.#": "0",
                            "key_name": "",
                            "monitoring": "false",
                            "network_interface.#": "0",
                            "network_interface_id": "eni-ab81cbe7",
                            "primary_network_interface_id": "eni-ab81cbe7",
                            "private_dns": "ip-172-31-8-44.ap-south-1.compute.internal",
                            "private_ip": "172.31.8.44",
                            "public_dns": "ec2-35-154-250-52.ap-south-1.compute.amazonaws.com",
                            "public_ip": "35.154.250.52",
                            "root_block_device.#": "1",
                            "root_block_device.0.delete_on_termination": "true",
                            "root_block_device.0.iops": "100",
                            "root_block_device.0.volume_size": "10",
                            "root_block_device.0.volume_type": "gp2",
                            "security_groups.#": "0",
                            "source_dest_check": "true",
                            "subnet_id": "subnet-51c6331c",
                            "tags.%": "0",
                            "tenancy": "default",
                            "volume_tags.%": "0",
                            "vpc_security_group_ids.#": "1",
                            "vpc_security_group_ids.2858610583": "sg-740f931d"
                        },
                        "meta": {
                            "schema_version": "1"
                        },
                        "tainted": false
                    },
                    "deposed": [],
                    "provider": ""
                }
            },
            "depends_on": []
        }
    ]
}
